// !$*UTF8*$!
{
	archiveVersion = 1;
	classes = {
	};
	objectVersion = 46;
	objects = {

/* Begin PBXBuildFile section */
		9B4E0FA71A758B29006DC37A /* main.m in Sources */ = {isa = PBXBuildFile; fileRef = 9B4E0FA61A758B29006DC37A /* main.m */; };
		9B4E0FAA1A758B29006DC37A /* AppDelegate.m in Sources */ = {isa = PBXBuildFile; fileRef = 9B4E0FA91A758B29006DC37A /* AppDelegate.m */; };
		9B4E0FB01A758B29006DC37A /* Main.storyboard in Resources */ = {isa = PBXBuildFile; fileRef = 9B4E0FAE1A758B29006DC37A /* Main.storyboard */; };
		9B4E0FB21A758B29006DC37A /* Images.xcassets in Resources */ = {isa = PBXBuildFile; fileRef = 9B4E0FB11A758B29006DC37A /* Images.xcassets */; };
		9B4E0FB51A758B29006DC37A /* LaunchScreen.xib in Resources */ = {isa = PBXBuildFile; fileRef = 9B4E0FB31A758B29006DC37A /* LaunchScreen.xib */; };
		9B4E0FC11A758B29006DC37A /* AerieTests.m in Sources */ = {isa = PBXBuildFile; fileRef = 9B4E0FC01A758B29006DC37A /* AerieTests.m */; };
		9B4E0FCC1A759E41006DC37A /* Bolts.framework in Frameworks */ = {isa = PBXBuildFile; fileRef = 9B4E0FCA1A759E41006DC37A /* Bolts.framework */; };
		9B4E0FCD1A759E41006DC37A /* Parse.framework in Frameworks */ = {isa = PBXBuildFile; fileRef = 9B4E0FCB1A759E41006DC37A /* Parse.framework */; };
		9B4E0FCF1A759E93006DC37A /* AudioToolbox.framework in Frameworks */ = {isa = PBXBuildFile; fileRef = 9B4E0FCE1A759E93006DC37A /* AudioToolbox.framework */; };
		9B4E0FD31A759EA8006DC37A /* CFNetwork.framework in Frameworks */ = {isa = PBXBuildFile; fileRef = 9B4E0FD21A759EA8006DC37A /* CFNetwork.framework */; };
		9B4E0FD51A759EBA006DC37A /* CoreGraphics.framework in Frameworks */ = {isa = PBXBuildFile; fileRef = 9B4E0FD41A759EBA006DC37A /* CoreGraphics.framework */; };
		9B4E0FD71A759EC5006DC37A /* CoreLocation.framework in Frameworks */ = {isa = PBXBuildFile; fileRef = 9B4E0FD61A759EC5006DC37A /* CoreLocation.framework */; };
		9B4E0FD91A759ED1006DC37A /* MobileCoreServices.framework in Frameworks */ = {isa = PBXBuildFile; fileRef = 9B4E0FD81A759ED1006DC37A /* MobileCoreServices.framework */; };
		9B4E0FDB1A759EDB006DC37A /* QuartzCore.framework in Frameworks */ = {isa = PBXBuildFile; fileRef = 9B4E0FDA1A759EDB006DC37A /* QuartzCore.framework */; };
		9B4E0FDD1A759EE3006DC37A /* Security.framework in Frameworks */ = {isa = PBXBuildFile; fileRef = 9B4E0FDC1A759EE3006DC37A /* Security.framework */; };
		9B4E0FDF1A759EEF006DC37A /* SystemConfiguration.framework in Frameworks */ = {isa = PBXBuildFile; fileRef = 9B4E0FDE1A759EEF006DC37A /* SystemConfiguration.framework */; };
		9B4E0FE31A759F09006DC37A /* libz.dylib in Frameworks */ = {isa = PBXBuildFile; fileRef = 9B4E0FE21A759F09006DC37A /* libz.dylib */; };
		9B4E0FE51A759F13006DC37A /* libsqlite3.dylib in Frameworks */ = {isa = PBXBuildFile; fileRef = 9B4E0FE41A759F13006DC37A /* libsqlite3.dylib */; };
		9B4E0FEE1A75B510006DC37A /* MainViewController.m in Sources */ = {isa = PBXBuildFile; fileRef = 9B4E0FED1A75B510006DC37A /* MainViewController.m */; };
		9B5F57B31A7DDA4B00ADEF03 /* DetectorsCollectionView.m in Sources */ = {isa = PBXBuildFile; fileRef = 9B5F57B21A7DDA4B00ADEF03 /* DetectorsCollectionView.m */; };
		9B5F57B71A7DDA6900ADEF03 /* DetectorCollectionViewCell.m in Sources */ = {isa = PBXBuildFile; fileRef = 9B5F57B51A7DDA6900ADEF03 /* DetectorCollectionViewCell.m */; };
		9B5F57B81A7DDA6900ADEF03 /* DetectorCollectionViewCell.xib in Resources */ = {isa = PBXBuildFile; fileRef = 9B5F57B61A7DDA6900ADEF03 /* DetectorCollectionViewCell.xib */; };
		9B5F57BB1A7DE1A700ADEF03 /* DetectorViewModel.m in Sources */ = {isa = PBXBuildFile; fileRef = 9B5F57BA1A7DE1A700ADEF03 /* DetectorViewModel.m */; };
		9B5F57BE1A7F28ED00ADEF03 /* SettingsTableView.m in Sources */ = {isa = PBXBuildFile; fileRef = 9B5F57BD1A7F28ED00ADEF03 /* SettingsTableView.m */; };
/* End PBXBuildFile section */

/* Begin PBXContainerItemProxy section */
		9B4E0FBB1A758B29006DC37A /* PBXContainerItemProxy */ = {
			isa = PBXContainerItemProxy;
			containerPortal = 9B4E0F991A758B28006DC37A /* Project object */;
			proxyType = 1;
			remoteGlobalIDString = 9B4E0FA01A758B29006DC37A;
			remoteInfo = Aerie;
		};
/* End PBXContainerItemProxy section */

/* Begin PBXFileReference section */
		9B4E0FA11A758B29006DC37A /* Aerie.app */ = {isa = PBXFileReference; explicitFileType = wrapper.application; includeInIndex = 0; path = Aerie.app; sourceTree = BUILT_PRODUCTS_DIR; };
		9B4E0FA51A758B29006DC37A /* Info.plist */ = {isa = PBXFileReference; lastKnownFileType = text.plist.xml; path = Info.plist; sourceTree = "<group>"; };
		9B4E0FA61A758B29006DC37A /* main.m */ = {isa = PBXFileReference; lastKnownFileType = sourcecode.c.objc; path = main.m; sourceTree = "<group>"; };
		9B4E0FA81A758B29006DC37A /* AppDelegate.h */ = {isa = PBXFileReference; lastKnownFileType = sourcecode.c.h; path = AppDelegate.h; sourceTree = "<group>"; };
		9B4E0FA91A758B29006DC37A /* AppDelegate.m */ = {isa = PBXFileReference; lastKnownFileType = sourcecode.c.objc; path = AppDelegate.m; sourceTree = "<group>"; };
		9B4E0FAF1A758B29006DC37A /* Base */ = {isa = PBXFileReference; lastKnownFileType = file.storyboard; name = Base; path = Base.lproj/Main.storyboard; sourceTree = "<group>"; };
		9B4E0FB11A758B29006DC37A /* Images.xcassets */ = {isa = PBXFileReference; lastKnownFileType = folder.assetcatalog; path = Images.xcassets; sourceTree = "<group>"; };
		9B4E0FB41A758B29006DC37A /* Base */ = {isa = PBXFileReference; lastKnownFileType = file.xib; name = Base; path = Base.lproj/LaunchScreen.xib; sourceTree = "<group>"; };
		9B4E0FBA1A758B29006DC37A /* AerieTests.xctest */ = {isa = PBXFileReference; explicitFileType = wrapper.cfbundle; includeInIndex = 0; path = AerieTests.xctest; sourceTree = BUILT_PRODUCTS_DIR; };
		9B4E0FBF1A758B29006DC37A /* Info.plist */ = {isa = PBXFileReference; lastKnownFileType = text.plist.xml; path = Info.plist; sourceTree = "<group>"; };
		9B4E0FC01A758B29006DC37A /* AerieTests.m */ = {isa = PBXFileReference; lastKnownFileType = sourcecode.c.objc; path = AerieTests.m; sourceTree = "<group>"; };
		9B4E0FCA1A759E41006DC37A /* Bolts.framework */ = {isa = PBXFileReference; lastKnownFileType = wrapper.framework; path = Bolts.framework; sourceTree = "<group>"; };
		9B4E0FCB1A759E41006DC37A /* Parse.framework */ = {isa = PBXFileReference; lastKnownFileType = wrapper.framework; path = Parse.framework; sourceTree = "<group>"; };
		9B4E0FCE1A759E93006DC37A /* AudioToolbox.framework */ = {isa = PBXFileReference; lastKnownFileType = wrapper.framework; name = AudioToolbox.framework; path = System/Library/Frameworks/AudioToolbox.framework; sourceTree = SDKROOT; };
		9B4E0FD01A759EA4006DC37A /* CoreFoundation.framework */ = {isa = PBXFileReference; lastKnownFileType = wrapper.framework; name = CoreFoundation.framework; path = System/Library/Frameworks/CoreFoundation.framework; sourceTree = SDKROOT; };
		9B4E0FD21A759EA8006DC37A /* CFNetwork.framework */ = {isa = PBXFileReference; lastKnownFileType = wrapper.framework; name = CFNetwork.framework; path = System/Library/Frameworks/CFNetwork.framework; sourceTree = SDKROOT; };
		9B4E0FD41A759EBA006DC37A /* CoreGraphics.framework */ = {isa = PBXFileReference; lastKnownFileType = wrapper.framework; name = CoreGraphics.framework; path = System/Library/Frameworks/CoreGraphics.framework; sourceTree = SDKROOT; };
		9B4E0FD61A759EC5006DC37A /* CoreLocation.framework */ = {isa = PBXFileReference; lastKnownFileType = wrapper.framework; name = CoreLocation.framework; path = System/Library/Frameworks/CoreLocation.framework; sourceTree = SDKROOT; };
		9B4E0FD81A759ED1006DC37A /* MobileCoreServices.framework */ = {isa = PBXFileReference; lastKnownFileType = wrapper.framework; name = MobileCoreServices.framework; path = System/Library/Frameworks/MobileCoreServices.framework; sourceTree = SDKROOT; };
		9B4E0FDA1A759EDB006DC37A /* QuartzCore.framework */ = {isa = PBXFileReference; lastKnownFileType = wrapper.framework; name = QuartzCore.framework; path = System/Library/Frameworks/QuartzCore.framework; sourceTree = SDKROOT; };
		9B4E0FDC1A759EE3006DC37A /* Security.framework */ = {isa = PBXFileReference; lastKnownFileType = wrapper.framework; name = Security.framework; path = System/Library/Frameworks/Security.framework; sourceTree = SDKROOT; };
		9B4E0FDE1A759EEF006DC37A /* SystemConfiguration.framework */ = {isa = PBXFileReference; lastKnownFileType = wrapper.framework; name = SystemConfiguration.framework; path = System/Library/Frameworks/SystemConfiguration.framework; sourceTree = SDKROOT; };
		9B4E0FE21A759F09006DC37A /* libz.dylib */ = {isa = PBXFileReference; lastKnownFileType = "compiled.mach-o.dylib"; name = libz.dylib; path = usr/lib/libz.dylib; sourceTree = SDKROOT; };
		9B4E0FE41A759F13006DC37A /* libsqlite3.dylib */ = {isa = PBXFileReference; lastKnownFileType = "compiled.mach-o.dylib"; name = libsqlite3.dylib; path = usr/lib/libsqlite3.dylib; sourceTree = SDKROOT; };
		9B4E0FEC1A75B510006DC37A /* MainViewController.h */ = {isa = PBXFileReference; fileEncoding = 4; lastKnownFileType = sourcecode.c.h; path = MainViewController.h; sourceTree = "<group>"; };
		9B4E0FED1A75B510006DC37A /* MainViewController.m */ = {isa = PBXFileReference; fileEncoding = 4; lastKnownFileType = sourcecode.c.objc; path = MainViewController.m; sourceTree = "<group>"; };
		9B5F57B11A7DDA4B00ADEF03 /* DetectorsCollectionView.h */ = {isa = PBXFileReference; fileEncoding = 4; lastKnownFileType = sourcecode.c.h; path = DetectorsCollectionView.h; sourceTree = "<group>"; };
		9B5F57B21A7DDA4B00ADEF03 /* DetectorsCollectionView.m */ = {isa = PBXFileReference; fileEncoding = 4; lastKnownFileType = sourcecode.c.objc; path = DetectorsCollectionView.m; sourceTree = "<group>"; };
		9B5F57B41A7DDA6900ADEF03 /* DetectorCollectionViewCell.h */ = {isa = PBXFileReference; fileEncoding = 4; lastKnownFileType = sourcecode.c.h; path = DetectorCollectionViewCell.h; sourceTree = "<group>"; };
		9B5F57B51A7DDA6900ADEF03 /* DetectorCollectionViewCell.m */ = {isa = PBXFileReference; fileEncoding = 4; lastKnownFileType = sourcecode.c.objc; path = DetectorCollectionViewCell.m; sourceTree = "<group>"; };
		9B5F57B61A7DDA6900ADEF03 /* DetectorCollectionViewCell.xib */ = {isa = PBXFileReference; fileEncoding = 4; lastKnownFileType = file.xib; path = DetectorCollectionViewCell.xib; sourceTree = "<group>"; };
		9B5F57B91A7DE1A700ADEF03 /* DetectorViewModel.h */ = {isa = PBXFileReference; fileEncoding = 4; lastKnownFileType = sourcecode.c.h; path = DetectorViewModel.h; sourceTree = "<group>"; };
		9B5F57BA1A7DE1A700ADEF03 /* DetectorViewModel.m */ = {isa = PBXFileReference; fileEncoding = 4; lastKnownFileType = sourcecode.c.objc; path = DetectorViewModel.m; sourceTree = "<group>"; };
		9B5F57BC1A7F28ED00ADEF03 /* SettingsTableView.h */ = {isa = PBXFileReference; fileEncoding = 4; lastKnownFileType = sourcecode.c.h; path = SettingsTableView.h; sourceTree = "<group>"; };
		9B5F57BD1A7F28ED00ADEF03 /* SettingsTableView.m */ = {isa = PBXFileReference; fileEncoding = 4; lastKnownFileType = sourcecode.c.objc; path = SettingsTableView.m; sourceTree = "<group>"; };
/* End PBXFileReference section */

/* Begin PBXFrameworksBuildPhase section */
		9B4E0F9E1A758B29006DC37A /* Frameworks */ = {
			isa = PBXFrameworksBuildPhase;
			buildActionMask = 2147483647;
			files = (
				9B4E0FE51A759F13006DC37A /* libsqlite3.dylib in Frameworks */,
				9B4E0FE31A759F09006DC37A /* libz.dylib in Frameworks */,
				9B4E0FDF1A759EEF006DC37A /* SystemConfiguration.framework in Frameworks */,
				9B4E0FDD1A759EE3006DC37A /* Security.framework in Frameworks */,
				9B4E0FDB1A759EDB006DC37A /* QuartzCore.framework in Frameworks */,
				9B4E0FD91A759ED1006DC37A /* MobileCoreServices.framework in Frameworks */,
				9B4E0FD71A759EC5006DC37A /* CoreLocation.framework in Frameworks */,
				9B4E0FD51A759EBA006DC37A /* CoreGraphics.framework in Frameworks */,
				9B4E0FD31A759EA8006DC37A /* CFNetwork.framework in Frameworks */,
				9B4E0FCF1A759E93006DC37A /* AudioToolbox.framework in Frameworks */,
				9B4E0FCD1A759E41006DC37A /* Parse.framework in Frameworks */,
				9B4E0FCC1A759E41006DC37A /* Bolts.framework in Frameworks */,
			);
			runOnlyForDeploymentPostprocessing = 0;
		};
		9B4E0FB71A758B29006DC37A /* Frameworks */ = {
			isa = PBXFrameworksBuildPhase;
			buildActionMask = 2147483647;
			files = (
			);
			runOnlyForDeploymentPostprocessing = 0;
		};
/* End PBXFrameworksBuildPhase section */

/* Begin PBXGroup section */
		9B4E0F981A758B28006DC37A = {
			isa = PBXGroup;
			children = (
				9B4E0FE41A759F13006DC37A /* libsqlite3.dylib */,
				9B4E0FE21A759F09006DC37A /* libz.dylib */,
				9B4E0FDE1A759EEF006DC37A /* SystemConfiguration.framework */,
				9B4E0FDC1A759EE3006DC37A /* Security.framework */,
				9B4E0FDA1A759EDB006DC37A /* QuartzCore.framework */,
				9B4E0FD81A759ED1006DC37A /* MobileCoreServices.framework */,
				9B4E0FD61A759EC5006DC37A /* CoreLocation.framework */,
				9B4E0FD41A759EBA006DC37A /* CoreGraphics.framework */,
				9B4E0FD21A759EA8006DC37A /* CFNetwork.framework */,
				9B4E0FD01A759EA4006DC37A /* CoreFoundation.framework */,
				9B4E0FCE1A759E93006DC37A /* AudioToolbox.framework */,
				9B4E0FCA1A759E41006DC37A /* Bolts.framework */,
				9B4E0FCB1A759E41006DC37A /* Parse.framework */,
				9B4E0FA31A758B29006DC37A /* Aerie */,
				9B4E0FBD1A758B29006DC37A /* AerieTests */,
				9B4E0FA21A758B29006DC37A /* Products */,
			);
			sourceTree = "<group>";
		};
		9B4E0FA21A758B29006DC37A /* Products */ = {
			isa = PBXGroup;
			children = (
				9B4E0FA11A758B29006DC37A /* Aerie.app */,
				9B4E0FBA1A758B29006DC37A /* AerieTests.xctest */,
			);
			name = Products;
			sourceTree = "<group>";
		};
		9B4E0FA31A758B29006DC37A /* Aerie */ = {
			isa = PBXGroup;
			children = (
				9B4E0FA81A758B29006DC37A /* AppDelegate.h */,
				9B4E0FA91A758B29006DC37A /* AppDelegate.m */,
				9B4E0FAE1A758B29006DC37A /* Main.storyboard */,
				9B5F57BC1A7F28ED00ADEF03 /* SettingsTableView.h */,
				9B5F57BD1A7F28ED00ADEF03 /* SettingsTableView.m */,
				9B4E0FB11A758B29006DC37A /* Images.xcassets */,
				9B4E0FB31A758B29006DC37A /* LaunchScreen.xib */,
				9B4E0FA41A758B29006DC37A /* Supporting Files */,
				9B4E0FEC1A75B510006DC37A /* MainViewController.h */,
				9B4E0FED1A75B510006DC37A /* MainViewController.m */,
				9B5F57B11A7DDA4B00ADEF03 /* DetectorsCollectionView.h */,
				9B5F57B21A7DDA4B00ADEF03 /* DetectorsCollectionView.m */,
				9B5F57B41A7DDA6900ADEF03 /* DetectorCollectionViewCell.h */,
				9B5F57B51A7DDA6900ADEF03 /* DetectorCollectionViewCell.m */,
				9B5F57B61A7DDA6900ADEF03 /* DetectorCollectionViewCell.xib */,
				9B5F57B91A7DE1A700ADEF03 /* DetectorViewModel.h */,
				9B5F57BA1A7DE1A700ADEF03 /* DetectorViewModel.m */,
			);
			path = Aerie;
			sourceTree = "<group>";
		};
		9B4E0FA41A758B29006DC37A /* Supporting Files */ = {
			isa = PBXGroup;
			children = (
				9B4E0FA51A758B29006DC37A /* Info.plist */,
				9B4E0FA61A758B29006DC37A /* main.m */,
			);
			name = "Supporting Files";
			sourceTree = "<group>";
		};
		9B4E0FBD1A758B29006DC37A /* AerieTests */ = {
			isa = PBXGroup;
			children = (
				9B4E0FC01A758B29006DC37A /* AerieTests.m */,
				9B4E0FBE1A758B29006DC37A /* Supporting Files */,
			);
			path = AerieTests;
			sourceTree = "<group>";
		};
		9B4E0FBE1A758B29006DC37A /* Supporting Files */ = {
			isa = PBXGroup;
			children = (
				9B4E0FBF1A758B29006DC37A /* Info.plist */,
			);
			name = "Supporting Files";
			sourceTree = "<group>";
		};
/* End PBXGroup section */

/* Begin PBXNativeTarget section */
		9B4E0FA01A758B29006DC37A /* Aerie */ = {
			isa = PBXNativeTarget;
			buildConfigurationList = 9B4E0FC41A758B29006DC37A /* Build configuration list for PBXNativeTarget "Aerie" */;
			buildPhases = (
				9B4E0F9D1A758B29006DC37A /* Sources */,
				9B4E0F9E1A758B29006DC37A /* Frameworks */,
				9B4E0F9F1A758B29006DC37A /* Resources */,
			);
			buildRules = (
			);
			dependencies = (
			);
			name = Aerie;
			productName = Aerie;
			productReference = 9B4E0FA11A758B29006DC37A /* Aerie.app */;
			productType = "com.apple.product-type.application";
		};
		9B4E0FB91A758B29006DC37A /* AerieTests */ = {
			isa = PBXNativeTarget;
			buildConfigurationList = 9B4E0FC71A758B29006DC37A /* Build configuration list for PBXNativeTarget "AerieTests" */;
			buildPhases = (
				9B4E0FB61A758B29006DC37A /* Sources */,
				9B4E0FB71A758B29006DC37A /* Frameworks */,
				9B4E0FB81A758B29006DC37A /* Resources */,
			);
			buildRules = (
			);
			dependencies = (
				9B4E0FBC1A758B29006DC37A /* PBXTargetDependency */,
			);
			name = AerieTests;
			productName = AerieTests;
			productReference = 9B4E0FBA1A758B29006DC37A /* AerieTests.xctest */;
			productType = "com.apple.product-type.bundle.unit-test";
		};
/* End PBXNativeTarget section */

/* Begin PBXProject section */
		9B4E0F991A758B28006DC37A /* Project object */ = {
			isa = PBXProject;
			attributes = {
				LastUpgradeCheck = 0610;
				ORGANIZATIONNAME = TEAM;
				TargetAttributes = {
					9B4E0FA01A758B29006DC37A = {
						CreatedOnToolsVersion = 6.1.1;
						DevelopmentTeam = PJAMK43GN8;
						SystemCapabilities = {
							com.apple.InAppPurchase = {
								enabled = 0;
							};
						};
					};
					9B4E0FB91A758B29006DC37A = {
						CreatedOnToolsVersion = 6.1.1;
						TestTargetID = 9B4E0FA01A758B29006DC37A;
					};
				};
			};
			buildConfigurationList = 9B4E0F9C1A758B28006DC37A /* Build configuration list for PBXProject "Aerie" */;
			compatibilityVersion = "Xcode 3.2";
			developmentRegion = English;
			hasScannedForEncodings = 0;
			knownRegions = (
				en,
				Base,
			);
			mainGroup = 9B4E0F981A758B28006DC37A;
			productRefGroup = 9B4E0FA21A758B29006DC37A /* Products */;
			projectDirPath = "";
			projectRoot = "";
			targets = (
				9B4E0FA01A758B29006DC37A /* Aerie */,
				9B4E0FB91A758B29006DC37A /* AerieTests */,
			);
		};
/* End PBXProject section */

/* Begin PBXResourcesBuildPhase section */
		9B4E0F9F1A758B29006DC37A /* Resources */ = {
			isa = PBXResourcesBuildPhase;
			buildActionMask = 2147483647;
			files = (
				9B5F57B81A7DDA6900ADEF03 /* DetectorCollectionViewCell.xib in Resources */,
				9B4E0FB01A758B29006DC37A /* Main.storyboard in Resources */,
				9B4E0FB51A758B29006DC37A /* LaunchScreen.xib in Resources */,
				9B4E0FB21A758B29006DC37A /* Images.xcassets in Resources */,
			);
			runOnlyForDeploymentPostprocessing = 0;
		};
		9B4E0FB81A758B29006DC37A /* Resources */ = {
			isa = PBXResourcesBuildPhase;
			buildActionMask = 2147483647;
			files = (
			);
			runOnlyForDeploymentPostprocessing = 0;
		};
/* End PBXResourcesBuildPhase section */

/* Begin PBXSourcesBuildPhase section */
		9B4E0F9D1A758B29006DC37A /* Sources */ = {
			isa = PBXSourcesBuildPhase;
			buildActionMask = 2147483647;
			files = (
				9B5F57BB1A7DE1A700ADEF03 /* DetectorViewModel.m in Sources */,
				9B5F57B31A7DDA4B00ADEF03 /* DetectorsCollectionView.m in Sources */,
				9B5F57B71A7DDA6900ADEF03 /* DetectorCollectionViewCell.m in Sources */,
				9B4E0FAA1A758B29006DC37A /* AppDelegate.m in Sources */,
				9B4E0FEE1A75B510006DC37A /* MainViewController.m in Sources */,
				9B4E0FA71A758B29006DC37A /* main.m in Sources */,
				9B5F57BE1A7F28ED00ADEF03 /* SettingsTableView.m in Sources */,
			);
			runOnlyForDeploymentPostprocessing = 0;
		};
		9B4E0FB61A758B29006DC37A /* Sources */ = {
			isa = PBXSourcesBuildPhase;
			buildActionMask = 2147483647;
			files = (
				9B4E0FC11A758B29006DC37A /* AerieTests.m in Sources */,
			);
			runOnlyForDeploymentPostprocessing = 0;
		};
/* End PBXSourcesBuildPhase section */

/* Begin PBXTargetDependency section */
		9B4E0FBC1A758B29006DC37A /* PBXTargetDependency */ = {
			isa = PBXTargetDependency;
			target = 9B4E0FA01A758B29006DC37A /* Aerie */;
			targetProxy = 9B4E0FBB1A758B29006DC37A /* PBXContainerItemProxy */;
		};
/* End PBXTargetDependency section */

/* Begin PBXVariantGroup section */
		9B4E0FAE1A758B29006DC37A /* Main.storyboard */ = {
			isa = PBXVariantGroup;
			children = (
				9B4E0FAF1A758B29006DC37A /* Base */,
			);
			name = Main.storyboard;
			sourceTree = "<group>";
		};
		9B4E0FB31A758B29006DC37A /* LaunchScreen.xib */ = {
			isa = PBXVariantGroup;
			children = (
				9B4E0FB41A758B29006DC37A /* Base */,
			);
			name = LaunchScreen.xib;
			sourceTree = "<group>";
		};
/* End PBXVariantGroup section */

/* Begin XCBuildConfiguration section */
		9B4E0FC21A758B29006DC37A /* Debug */ = {
			isa = XCBuildConfiguration;
			buildSettings = {
				ALWAYS_SEARCH_USER_PATHS = NO;
				CLANG_CXX_LANGUAGE_STANDARD = "gnu++0x";
				CLANG_CXX_LIBRARY = "libc++";
				CLANG_ENABLE_MODULES = YES;
				CLANG_ENABLE_OBJC_ARC = YES;
				CLANG_WARN_BOOL_CONVERSION = YES;
				CLANG_WARN_CONSTANT_CONVERSION = YES;
				CLANG_WARN_DIRECT_OBJC_ISA_USAGE = YES_ERROR;
				CLANG_WARN_EMPTY_BODY = YES;
				CLANG_WARN_ENUM_CONVERSION = YES;
				CLANG_WARN_INT_CONVERSION = YES;
				CLANG_WARN_OBJC_ROOT_CLASS = YES_ERROR;
				CLANG_WARN_UNREACHABLE_CODE = YES;
				CLANG_WARN__DUPLICATE_METHOD_MATCH = YES;
				"CODE_SIGN_IDENTITY[sdk=iphoneos*]" = "iPhone Developer";
				COPY_PHASE_STRIP = NO;
				ENABLE_STRICT_OBJC_MSGSEND = YES;
				GCC_C_LANGUAGE_STANDARD = gnu99;
				GCC_DYNAMIC_NO_PIC = NO;
				GCC_OPTIMIZATION_LEVEL = 0;
				GCC_PREPROCESSOR_DEFINITIONS = (
					"DEBUG=1",
					"$(inherited)",
				);
				GCC_SYMBOLS_PRIVATE_EXTERN = NO;
				GCC_WARN_64_TO_32_BIT_CONVERSION = YES;
				GCC_WARN_ABOUT_RETURN_TYPE = YES_ERROR;
				GCC_WARN_UNDECLARED_SELECTOR = YES;
				GCC_WARN_UNINITIALIZED_AUTOS = YES_AGGRESSIVE;
				GCC_WARN_UNUSED_FUNCTION = YES;
				GCC_WARN_UNUSED_VARIABLE = YES;
				IPHONEOS_DEPLOYMENT_TARGET = 8.1;
				MTL_ENABLE_DEBUG_INFO = YES;
				ONLY_ACTIVE_ARCH = YES;
				SDKROOT = iphoneos;
			};
			name = Debug;
		};
		9B4E0FC31A758B29006DC37A /* Release */ = {
			isa = XCBuildConfiguration;
			buildSettings = {
				ALWAYS_SEARCH_USER_PATHS = NO;
				CLANG_CXX_LANGUAGE_STANDARD = "gnu++0x";
				CLANG_CXX_LIBRARY = "libc++";
				CLANG_ENABLE_MODULES = YES;
				CLANG_ENABLE_OBJC_ARC = YES;
				CLANG_WARN_BOOL_CONVERSION = YES;
				CLANG_WARN_CONSTANT_CONVERSION = YES;
				CLANG_WARN_DIRECT_OBJC_ISA_USAGE = YES_ERROR;
				CLANG_WARN_EMPTY_BODY = YES;
				CLANG_WARN_ENUM_CONVERSION = YES;
				CLANG_WARN_INT_CONVERSION = YES;
				CLANG_WARN_OBJC_ROOT_CLASS = YES_ERROR;
				CLANG_WARN_UNREACHABLE_CODE = YES;
				CLANG_WARN__DUPLICATE_METHOD_MATCH = YES;
				"CODE_SIGN_IDENTITY[sdk=iphoneos*]" = "iPhone Developer";
				COPY_PHASE_STRIP = YES;
				ENABLE_NS_ASSERTIONS = NO;
				ENABLE_STRICT_OBJC_MSGSEND = YES;
				GCC_C_LANGUAGE_STANDARD = gnu99;
				GCC_WARN_64_TO_32_BIT_CONVERSION = YES;
				GCC_WARN_ABOUT_RETURN_TYPE = YES_ERROR;
				GCC_WARN_UNDECLARED_SELECTOR = YES;
				GCC_WARN_UNINITIALIZED_AUTOS = YES_AGGRESSIVE;
				GCC_WARN_UNUSED_FUNCTION = YES;
				GCC_WARN_UNUSED_VARIABLE = YES;
				IPHONEOS_DEPLOYMENT_TARGET = 8.1;
				MTL_ENABLE_DEBUG_INFO = NO;
				SDKROOT = iphoneos;
				VALIDATE_PRODUCT = YES;
			};
			name = Release;
		};
		9B4E0FC51A758B29006DC37A /* Debug */ = {
			isa = XCBuildConfiguration;
			buildSettings = {
				ASSETCATALOG_COMPILER_APPICON_NAME = AppIcon;
				CODE_SIGN_IDENTITY = "iPhone Developer: Neem Serra (S9VVDXN7WJ)";
				FRAMEWORK_SEARCH_PATHS = (
					"$(inherited)",
					"$(PROJECT_DIR)",
				);
				INFOPLIST_FILE = Aerie/Info.plist;
				IPHONEOS_DEPLOYMENT_TARGET = 7.1;
				LD_RUNPATH_SEARCH_PATHS = "$(inherited) @executable_path/Frameworks";
				PRODUCT_NAME = "$(TARGET_NAME)";
				TARGETED_DEVICE_FAMILY = "1,2";
			};
			name = Debug;
		};
		9B4E0FC61A758B29006DC37A /* Release */ = {
			isa = XCBuildConfiguration;
			buildSettings = {
				ASSETCATALOG_COMPILER_APPICON_NAME = AppIcon;
				CODE_SIGN_IDENTITY = "iPhone Developer";
				FRAMEWORK_SEARCH_PATHS = (
					"$(inherited)",
					"$(PROJECT_DIR)",
				);
				INFOPLIST_FILE = Aerie/Info.plist;
				IPHONEOS_DEPLOYMENT_TARGET = 7.1;
				LD_RUNPATH_SEARCH_PATHS = "$(inherited) @executable_path/Frameworks";
				PRODUCT_NAME = "$(TARGET_NAME)";
				TARGETED_DEVICE_FAMILY = "1,2";
			};
			name = Release;
		};
		9B4E0FC81A758B29006DC37A /* Debug */ = {
			isa = XCBuildConfiguration;
			buildSettings = {
				BUNDLE_LOADER = "$(TEST_HOST)";
				FRAMEWORK_SEARCH_PATHS = (
					"$(SDKROOT)/Developer/Library/Frameworks",
					"$(inherited)",
				);
				GCC_PREPROCESSOR_DEFINITIONS = (
					"DEBUG=1",
					"$(inherited)",
				);
				INFOPLIST_FILE = AerieTests/Info.plist;
				LD_RUNPATH_SEARCH_PATHS = "$(inherited) @executable_path/Frameworks @loader_path/Frameworks";
				PRODUCT_NAME = "$(TARGET_NAME)";
				TEST_HOST = "$(BUILT_PRODUCTS_DIR)/Aerie.app/Aerie";
			};
			name = Debug;
		};
		9B4E0FC91A758B29006DC37A /* Release */ = {
			isa = XCBuildConfiguration;
			buildSettings = {
				BUNDLE_LOADER = "$(TEST_HOST)";
				FRAMEWORK_SEARCH_PATHS = (
					"$(SDKROOT)/Developer/Library/Frameworks",
					"$(inherited)",
				);
				INFOPLIST_FILE = AerieTests/Info.plist;
				LD_RUNPATH_SEARCH_PATHS = "$(inherited) @executable_path/Frameworks @loader_path/Frameworks";
				PRODUCT_NAME = "$(TARGET_NAME)";
				TEST_HOST = "$(BUILT_PRODUCTS_DIR)/Aerie.app/Aerie";
			};
			name = Release;
		};
/* End XCBuildConfiguration section */

/* Begin XCConfigurationList section */
		9B4E0F9C1A758B28006DC37A /* Build configuration list for PBXProject "Aerie" */ = {
			isa = XCConfigurationList;
			buildConfigurations = (
				9B4E0FC21A758B29006DC37A /* Debug */,
				9B4E0FC31A758B29006DC37A /* Release */,
			);
			defaultConfigurationIsVisible = 0;
			defaultConfigurationName = Release;
		};
		9B4E0FC41A758B29006DC37A /* Build configuration list for PBXNativeTarget "Aerie" */ = {
			isa = XCConfigurationList;
			buildConfigurations = (
				9B4E0FC51A758B29006DC37A /* Debug */,
				9B4E0FC61A758B29006DC37A /* Release */,
			);
			defaultConfigurationIsVisible = 0;
			defaultConfigurationName = Release;
		};
		9B4E0FC71A758B29006DC37A /* Build configuration list for PBXNativeTarget "AerieTests" */ = {
			isa = XCConfigurationList;
			buildConfigurations = (
				9B4E0FC81A758B29006DC37A /* Debug */,
				9B4E0FC91A758B29006DC37A /* Release */,
			);
			defaultConfigurationIsVisible = 0;
			defaultConfigurationName = Release;
		};
/* End XCConfigurationList section */
	};
	rootObject = 9B4E0F991A758B28006DC37A /* Project object */;
}
